
Microsoft Visual Studio Solution File, Format Version 12.00
Project("{2150E333-8FDC-42A3-9474-1A3956D46DE8}") = "WebApi", "WebApi", "{AF126AE3-62B0-4AA4-B3DC-0BF2B2C5C1E5}"
	ProjectSection(SolutionItems) = preProject
		WebApi\WebApi.sln = WebApi\WebApi.sln
	EndProjectSection
EndProject
Project("{FAE04EC0-301F-11D3-BF4B-00C04F79EFBC}") = "Services", "WebApi\Services\Services.csproj", "{9CD5C504-E582-4F79-A523-6A1A23E69E39}"
EndProject
Project("{FAE04EC0-301F-11D3-BF4B-00C04F79EFBC}") = "UnitTests", "WebApi\UnitTests\UnitTests.csproj", "{013558A5-8A61-4A00-A92E-4FB06BC2DF04}"
EndProject
Project("{FAE04EC0-301F-11D3-BF4B-00C04F79EFBC}") = "WebAPI", "WebApi\WebAPI\WebAPI.csproj", "{AF6D03E8-6376-4791-B712-7A298534EB56}"
EndProject
Project("{2150E333-8FDC-42A3-9474-1A3956D46DE8}") = "Iot", "Iot", "{9CF0E11D-8F98-4EAB-A078-33206901875B}"
	ProjectSection(SolutionItems) = preProject
		Iot\Iot.sln = Iot\Iot.sln
	EndProjectSection
EndProject
Project("{2150E333-8FDC-42A3-9474-1A3956D46DE8}") = "Shared", "Shared", "{E7395FA9-451F-49AC-8F4B-1CD13EDF7D09}"
	ProjectSection(SolutionItems) = preProject
		Shared\Shared.sln = Shared\Shared.sln
	EndProjectSection
EndProject
Project("{FAE04EC0-301F-11D3-BF4B-00C04F79EFBC}") = "UnitTestsShared", "Shared\UnitTestsShared\UnitTestsShared.csproj", "{63F6C3F3-D1B3-455E-BBBC-2B23995F5491}"
EndProject
Project("{FAE04EC0-301F-11D3-BF4B-00C04F79EFBC}") = "ServiceContracts", "Shared\ServiceContracts\ServiceContracts.csproj", "{E77A9D6D-D5D2-447C-A2C9-895A9C3DE0AB}"
EndProject
Project("{FAE04EC0-301F-11D3-BF4B-00C04F79EFBC}") = "RepositoryContracts", "Shared\RepositoryContracts\RepositoryContracts.csproj", "{49AE220A-C0E3-4238-95A6-1357F5529C2C}"
EndProject
Project("{FAE04EC0-301F-11D3-BF4B-00C04F79EFBC}") = "GrpcRepositories", "Shared\GrpcRepositories\GrpcRepositories.csproj", "{1CAE68F1-69EF-494B-B766-9D95E638A2AF}"
EndProject
Project("{FAE04EC0-301F-11D3-BF4B-00C04F79EFBC}") = "Entities", "Shared\Entities\Entities.csproj", "{EA0180FE-3EC2-47B0-816C-86A5B36082BF}"
EndProject
Project("{FAE04EC0-301F-11D3-BF4B-00C04F79EFBC}") = "DTOs", "Shared\DTOs\DTOs.csproj", "{A6B4CC48-7CC9-463F-9C43-9BC238764399}"
EndProject
Project("{2150E333-8FDC-42A3-9474-1A3956D46DE8}") = "Solution Items", "Solution Items", "{54A8337A-F8D3-4FBD-B7FE-6CA878AE9C2C}"
	ProjectSection(SolutionItems) = preProject
		docker-compose.prod.yml = docker-compose.prod.yml
	EndProjectSection
EndProject
Global
	GlobalSection(SolutionConfigurationPlatforms) = preSolution
		Debug|Any CPU = Debug|Any CPU
		Release|Any CPU = Release|Any CPU
	EndGlobalSection
	GlobalSection(ProjectConfigurationPlatforms) = postSolution
		{9CD5C504-E582-4F79-A523-6A1A23E69E39}.Debug|Any CPU.ActiveCfg = Debug|Any CPU
		{9CD5C504-E582-4F79-A523-6A1A23E69E39}.Debug|Any CPU.Build.0 = Debug|Any CPU
		{9CD5C504-E582-4F79-A523-6A1A23E69E39}.Release|Any CPU.ActiveCfg = Release|Any CPU
		{9CD5C504-E582-4F79-A523-6A1A23E69E39}.Release|Any CPU.Build.0 = Release|Any CPU
		{013558A5-8A61-4A00-A92E-4FB06BC2DF04}.Debug|Any CPU.ActiveCfg = Debug|Any CPU
		{013558A5-8A61-4A00-A92E-4FB06BC2DF04}.Debug|Any CPU.Build.0 = Debug|Any CPU
		{013558A5-8A61-4A00-A92E-4FB06BC2DF04}.Release|Any CPU.ActiveCfg = Release|Any CPU
		{013558A5-8A61-4A00-A92E-4FB06BC2DF04}.Release|Any CPU.Build.0 = Release|Any CPU
		{AF6D03E8-6376-4791-B712-7A298534EB56}.Debug|Any CPU.ActiveCfg = Debug|Any CPU
		{AF6D03E8-6376-4791-B712-7A298534EB56}.Debug|Any CPU.Build.0 = Debug|Any CPU
		{AF6D03E8-6376-4791-B712-7A298534EB56}.Release|Any CPU.ActiveCfg = Release|Any CPU
		{AF6D03E8-6376-4791-B712-7A298534EB56}.Release|Any CPU.Build.0 = Release|Any CPU
		{63F6C3F3-D1B3-455E-BBBC-2B23995F5491}.Debug|Any CPU.ActiveCfg = Debug|Any CPU
		{63F6C3F3-D1B3-455E-BBBC-2B23995F5491}.Debug|Any CPU.Build.0 = Debug|Any CPU
		{63F6C3F3-D1B3-455E-BBBC-2B23995F5491}.Release|Any CPU.ActiveCfg = Release|Any CPU
		{63F6C3F3-D1B3-455E-BBBC-2B23995F5491}.Release|Any CPU.Build.0 = Release|Any CPU
		{E77A9D6D-D5D2-447C-A2C9-895A9C3DE0AB}.Debug|Any CPU.ActiveCfg = Debug|Any CPU
		{E77A9D6D-D5D2-447C-A2C9-895A9C3DE0AB}.Debug|Any CPU.Build.0 = Debug|Any CPU
		{E77A9D6D-D5D2-447C-A2C9-895A9C3DE0AB}.Release|Any CPU.ActiveCfg = Release|Any CPU
		{E77A9D6D-D5D2-447C-A2C9-895A9C3DE0AB}.Release|Any CPU.Build.0 = Release|Any CPU
		{49AE220A-C0E3-4238-95A6-1357F5529C2C}.Debug|Any CPU.ActiveCfg = Debug|Any CPU
		{49AE220A-C0E3-4238-95A6-1357F5529C2C}.Debug|Any CPU.Build.0 = Debug|Any CPU
		{49AE220A-C0E3-4238-95A6-1357F5529C2C}.Release|Any CPU.ActiveCfg = Release|Any CPU
		{49AE220A-C0E3-4238-95A6-1357F5529C2C}.Release|Any CPU.Build.0 = Release|Any CPU
		{1CAE68F1-69EF-494B-B766-9D95E638A2AF}.Debug|Any CPU.ActiveCfg = Debug|Any CPU
		{1CAE68F1-69EF-494B-B766-9D95E638A2AF}.Debug|Any CPU.Build.0 = Debug|Any CPU
		{1CAE68F1-69EF-494B-B766-9D95E638A2AF}.Release|Any CPU.ActiveCfg = Release|Any CPU
		{1CAE68F1-69EF-494B-B766-9D95E638A2AF}.Release|Any CPU.Build.0 = Release|Any CPU
		{EA0180FE-3EC2-47B0-816C-86A5B36082BF}.Debug|Any CPU.ActiveCfg = Debug|Any CPU
		{EA0180FE-3EC2-47B0-816C-86A5B36082BF}.Debug|Any CPU.Build.0 = Debug|Any CPU
		{EA0180FE-3EC2-47B0-816C-86A5B36082BF}.Release|Any CPU.ActiveCfg = Release|Any CPU
		{EA0180FE-3EC2-47B0-816C-86A5B36082BF}.Release|Any CPU.Build.0 = Release|Any CPU
		{A6B4CC48-7CC9-463F-9C43-9BC238764399}.Debug|Any CPU.ActiveCfg = Debug|Any CPU
		{A6B4CC48-7CC9-463F-9C43-9BC238764399}.Debug|Any CPU.Build.0 = Debug|Any CPU
		{A6B4CC48-7CC9-463F-9C43-9BC238764399}.Release|Any CPU.ActiveCfg = Release|Any CPU
		{A6B4CC48-7CC9-463F-9C43-9BC238764399}.Release|Any CPU.Build.0 = Release|Any CPU
	EndGlobalSection
	GlobalSection(NestedProjects) = preSolution
		{013558A5-8A61-4A00-A92E-4FB06BC2DF04} = {AF126AE3-62B0-4AA4-B3DC-0BF2B2C5C1E5}
		{AF6D03E8-6376-4791-B712-7A298534EB56} = {AF126AE3-62B0-4AA4-B3DC-0BF2B2C5C1E5}
		{63F6C3F3-D1B3-455E-BBBC-2B23995F5491} = {E7395FA9-451F-49AC-8F4B-1CD13EDF7D09}
		{E77A9D6D-D5D2-447C-A2C9-895A9C3DE0AB} = {E7395FA9-451F-49AC-8F4B-1CD13EDF7D09}
		{49AE220A-C0E3-4238-95A6-1357F5529C2C} = {E7395FA9-451F-49AC-8F4B-1CD13EDF7D09}
		{1CAE68F1-69EF-494B-B766-9D95E638A2AF} = {E7395FA9-451F-49AC-8F4B-1CD13EDF7D09}
		{EA0180FE-3EC2-47B0-816C-86A5B36082BF} = {E7395FA9-451F-49AC-8F4B-1CD13EDF7D09}
		{A6B4CC48-7CC9-463F-9C43-9BC238764399} = {E7395FA9-451F-49AC-8F4B-1CD13EDF7D09}
		{9CD5C504-E582-4F79-A523-6A1A23E69E39} = {AF126AE3-62B0-4AA4-B3DC-0BF2B2C5C1E5}
	EndGlobalSection
EndGlobal
